
Microsoft Visual Studio Solution File, Format Version 12.00
# Visual Studio Version 16
VisualStudioVersion = 16.0.30204.135
MinimumVisualStudioVersion = 10.0.40219.1
Project("{FAE04EC0-301F-11D3-BF4B-00C04F79EFBC}") = "DapperDemo.Web", "DapperDemo.Web\DapperDemo.Web.csproj", "{EC848980-82FF-41FA-AFA5-9E0CEC1293B0}"
EndProject
Project("{FAE04EC0-301F-11D3-BF4B-00C04F79EFBC}") = "DapperDemo.Business", "DapperDemo.Business\DapperDemo.Business.csproj", "{0CD06D32-2BD8-4DC0-9479-E315B29E2B7B}"
EndProject
Project("{FAE04EC0-301F-11D3-BF4B-00C04F79EFBC}") = "DapperDemo.Data", "DapperDemo.Data\DapperDemo.Data.csproj", "{EBEDD0BE-10AC-4BFE-9992-B44309B35D0E}"
EndProject
Global
	GlobalSection(SolutionConfigurationPlatforms) = preSolution
		Debug|Any CPU = Debug|Any CPU
		Release|Any CPU = Release|Any CPU
	EndGlobalSection
	GlobalSection(ProjectConfigurationPlatforms) = postSolution
		{EC848980-82FF-41FA-AFA5-9E0CEC1293B0}.Debug|Any CPU.ActiveCfg = Debug|Any CPU
		{EC848980-82FF-41FA-AFA5-9E0CEC1293B0}.Debug|Any CPU.Build.0 = Debug|Any CPU
		{EC848980-82FF-41FA-AFA5-9E0CEC1293B0}.Release|Any CPU.ActiveCfg = Release|Any CPU
		{EC848980-82FF-41FA-AFA5-9E0CEC1293B0}.Release|Any CPU.Build.0 = Release|Any CPU
		{0CD06D32-2BD8-4DC0-9479-E315B29E2B7B}.Debug|Any CPU.ActiveCfg = Debug|Any CPU
		{0CD06D32-2BD8-4DC0-9479-E315B29E2B7B}.Debug|Any CPU.Build.0 = Debug|Any CPU
		{0CD06D32-2BD8-4DC0-9479-E315B29E2B7B}.Release|Any CPU.ActiveCfg = Release|Any CPU
		{0CD06D32-2BD8-4DC0-9479-E315B29E2B7B}.Release|Any CPU.Build.0 = Release|Any CPU
		{EBEDD0BE-10AC-4BFE-9992-B44309B35D0E}.Debug|Any CPU.ActiveCfg = Debug|Any CPU
		{EBEDD0BE-10AC-4BFE-9992-B44309B35D0E}.Debug|Any CPU.Build.0 = Debug|Any CPU
		{EBEDD0BE-10AC-4BFE-9992-B44309B35D0E}.Release|Any CPU.ActiveCfg = Release|Any CPU
		{EBEDD0BE-10AC-4BFE-9992-B44309B35D0E}.Release|Any CPU.Build.0 = Release|Any CPU
	EndGlobalSection
	GlobalSection(SolutionProperties) = preSolution
		HideSolutionNode = FALSE
	EndGlobalSection
	GlobalSection(ExtensibilityGlobals) = postSolution
		SolutionGuid = {209082E8-FEBA-4A98-B671-94647CE99350}
	EndGlobalSection
EndGlobal
